
Microsoft Visual Studio Solution File, Format Version 12.00
# Visual Studio 15
VisualStudioVersion = 15.0.28010.2046
MinimumVisualStudioVersion = 10.0.40219.1
Project("{FAE04EC0-301F-11D3-BF4B-00C04F79EFBC}") = "ShoppingCart", "ShoppingCart\ShoppingCart.csproj", "{C0E66F55-93B9-496A-94A8-4A033632DD99}"
EndProject
Global
	GlobalSection(SolutionConfigurationPlatforms) = preSolution
		Debug|Any CPU = Debug|Any CPU
		Release|Any CPU = Release|Any CPU
	EndGlobalSection
	GlobalSection(ProjectConfigurationPlatforms) = postSolution
		{C0E66F55-93B9-496A-94A8-4A033632DD99}.Debug|Any CPU.ActiveCfg = Debug|Any CPU
		{C0E66F55-93B9-496A-94A8-4A033632DD99}.Debug|Any CPU.Build.0 = Debug|Any CPU
		{C0E66F55-93B9-496A-94A8-4A033632DD99}.Release|Any CPU.ActiveCfg = Release|Any CPU
		{C0E66F55-93B9-496A-94A8-4A033632DD99}.Release|Any CPU.Build.0 = Release|Any CPU
	EndGlobalSection
	GlobalSection(SolutionProperties) = preSolution
		HideSolutionNode = FALSE
	EndGlobalSection
	GlobalSection(ExtensibilityGlobals) = postSolution
		SolutionGuid = {860579EF-9846-4922-9B46-D786E2778736}
	EndGlobalSection
EndGlobal
